
Microsoft Visual Studio Solution File, Format Version 12.00
# Visual Studio Version 17
VisualStudioVersion = 17.4.33205.214
MinimumVisualStudioVersion = 10.0.40219.1
Project("{FAE04EC0-301F-11D3-BF4B-00C04F79EFBC}") = "Hellogithub", "Hellogithub\Hellogithub.csproj", "{0040D2FC-5F1A-486D-B4EA-018FB8A05977}"
EndProject
Global
	GlobalSection(SolutionConfigurationPlatforms) = preSolution
		Debug|Any CPU = Debug|Any CPU
		Release|Any CPU = Release|Any CPU
	EndGlobalSection
	GlobalSection(ProjectConfigurationPlatforms) = postSolution
		{0040D2FC-5F1A-486D-B4EA-018FB8A05977}.Debug|Any CPU.ActiveCfg = Debug|Any CPU
		{0040D2FC-5F1A-486D-B4EA-018FB8A05977}.Debug|Any CPU.Build.0 = Debug|Any CPU
		{0040D2FC-5F1A-486D-B4EA-018FB8A05977}.Release|Any CPU.ActiveCfg = Release|Any CPU
		{0040D2FC-5F1A-486D-B4EA-018FB8A05977}.Release|Any CPU.Build.0 = Release|Any CPU
	EndGlobalSection
	GlobalSection(SolutionProperties) = preSolution
		HideSolutionNode = FALSE
	EndGlobalSection
	GlobalSection(ExtensibilityGlobals) = postSolution
		SolutionGuid = {B49FE03F-9622-492E-93BB-029F3BE8E53B}
	EndGlobalSection
EndGlobal
